
Microsoft Visual Studio Solution File, Format Version 12.00
# Visual Studio 15
VisualStudioVersion = 15.0.25123.0
MinimumVisualStudioVersion = 10.0.40219.1
Project("{FAE04EC0-301F-11D3-BF4B-00C04F79EFBC}") = "Gabz.Api", "Gabz.Api\Gabz.Api.csproj", "{C6E83177-F91A-446F-A26A-32A32161DDA2}"
EndProject
Project("{FAE04EC0-301F-11D3-BF4B-00C04F79EFBC}") = "Gabz.Core", "Gabz.Core\Gabz.Core.csproj", "{0018FF89-A2BF-4044-8CF8-21F577EFE630}"
EndProject
Global
	GlobalSection(SolutionConfigurationPlatforms) = preSolution
		Debug|Any CPU = Debug|Any CPU
		Release|Any CPU = Release|Any CPU
	EndGlobalSection
	GlobalSection(ProjectConfigurationPlatforms) = postSolution
		{C6E83177-F91A-446F-A26A-32A32161DDA2}.Debug|Any CPU.ActiveCfg = Debug|Any CPU
		{C6E83177-F91A-446F-A26A-32A32161DDA2}.Debug|Any CPU.Build.0 = Debug|Any CPU
		{C6E83177-F91A-446F-A26A-32A32161DDA2}.Release|Any CPU.ActiveCfg = Release|Any CPU
		{C6E83177-F91A-446F-A26A-32A32161DDA2}.Release|Any CPU.Build.0 = Release|Any CPU
		{0018FF89-A2BF-4044-8CF8-21F577EFE630}.Debug|Any CPU.ActiveCfg = Debug|Any CPU
		{0018FF89-A2BF-4044-8CF8-21F577EFE630}.Debug|Any CPU.Build.0 = Debug|Any CPU
		{0018FF89-A2BF-4044-8CF8-21F577EFE630}.Release|Any CPU.ActiveCfg = Release|Any CPU
		{0018FF89-A2BF-4044-8CF8-21F577EFE630}.Release|Any CPU.Build.0 = Release|Any CPU
	EndGlobalSection
	GlobalSection(SolutionProperties) = preSolution
		HideSolutionNode = FALSE
	EndGlobalSection
EndGlobal
